
Microsoft Visual Studio Solution File, Format Version 12.00
# Visual Studio Version 16
VisualStudioVersion = 16.0.32002.261
MinimumVisualStudioVersion = 10.0.40219.1
Project("{FAE04EC0-301F-11D3-BF4B-00C04F79EFBC}") = "Teste de lógca Udemy", "Teste de lógca Udemy.csproj", "{A20367B9-6840-47A9-878D-17CB04B1C064}"
EndProject
Global
	GlobalSection(SolutionConfigurationPlatforms) = preSolution
		Debug|Any CPU = Debug|Any CPU
		Release|Any CPU = Release|Any CPU
	EndGlobalSection
	GlobalSection(ProjectConfigurationPlatforms) = postSolution
		{A20367B9-6840-47A9-878D-17CB04B1C064}.Debug|Any CPU.ActiveCfg = Debug|Any CPU
		{A20367B9-6840-47A9-878D-17CB04B1C064}.Debug|Any CPU.Build.0 = Debug|Any CPU
		{A20367B9-6840-47A9-878D-17CB04B1C064}.Release|Any CPU.ActiveCfg = Release|Any CPU
		{A20367B9-6840-47A9-878D-17CB04B1C064}.Release|Any CPU.Build.0 = Release|Any CPU
	EndGlobalSection
	GlobalSection(SolutionProperties) = preSolution
		HideSolutionNode = FALSE
	EndGlobalSection
	GlobalSection(ExtensibilityGlobals) = postSolution
		SolutionGuid = {440BA28D-BF92-4A5B-A8A7-85CCB600AD96}
	EndGlobalSection
EndGlobal
