
Microsoft Visual Studio Solution File, Format Version 12.00
# Visual Studio Version 16
VisualStudioVersion = 16.0.32002.261
MinimumVisualStudioVersion = 10.0.40219.1
Project("{FAE04EC0-301F-11D3-BF4B-00C04F79EFBC}") = "Aula48Ex1", "Aula48Ex1\Aula48Ex1.csproj", "{DCA59F09-B705-4A28-A1C3-2AC6D5AECDF9}"
EndProject
Global
	GlobalSection(SolutionConfigurationPlatforms) = preSolution
		Debug|Any CPU = Debug|Any CPU
		Release|Any CPU = Release|Any CPU
	EndGlobalSection
	GlobalSection(ProjectConfigurationPlatforms) = postSolution
		{DCA59F09-B705-4A28-A1C3-2AC6D5AECDF9}.Debug|Any CPU.ActiveCfg = Debug|Any CPU
		{DCA59F09-B705-4A28-A1C3-2AC6D5AECDF9}.Debug|Any CPU.Build.0 = Debug|Any CPU
		{DCA59F09-B705-4A28-A1C3-2AC6D5AECDF9}.Release|Any CPU.ActiveCfg = Release|Any CPU
		{DCA59F09-B705-4A28-A1C3-2AC6D5AECDF9}.Release|Any CPU.Build.0 = Release|Any CPU
	EndGlobalSection
	GlobalSection(SolutionProperties) = preSolution
		HideSolutionNode = FALSE
	EndGlobalSection
	GlobalSection(ExtensibilityGlobals) = postSolution
		SolutionGuid = {6674D95D-04E2-455C-8F52-1F54DA09CC5C}
	EndGlobalSection
EndGlobal
