
Microsoft Visual Studio Solution File, Format Version 12.00
# Visual Studio Version 16
VisualStudioVersion = 16.0.32002.261
MinimumVisualStudioVersion = 10.0.40219.1
Project("{FAE04EC0-301F-11D3-BF4B-00C04F79EFBC}") = "Aula40Ex3", "Aula40Ex3\Aula40Ex3.csproj", "{86C75D36-C4D6-403C-AD1C-C74E63491330}"
EndProject
Global
	GlobalSection(SolutionConfigurationPlatforms) = preSolution
		Debug|Any CPU = Debug|Any CPU
		Release|Any CPU = Release|Any CPU
	EndGlobalSection
	GlobalSection(ProjectConfigurationPlatforms) = postSolution
		{86C75D36-C4D6-403C-AD1C-C74E63491330}.Debug|Any CPU.ActiveCfg = Debug|Any CPU
		{86C75D36-C4D6-403C-AD1C-C74E63491330}.Debug|Any CPU.Build.0 = Debug|Any CPU
		{86C75D36-C4D6-403C-AD1C-C74E63491330}.Release|Any CPU.ActiveCfg = Release|Any CPU
		{86C75D36-C4D6-403C-AD1C-C74E63491330}.Release|Any CPU.Build.0 = Release|Any CPU
	EndGlobalSection
	GlobalSection(SolutionProperties) = preSolution
		HideSolutionNode = FALSE
	EndGlobalSection
	GlobalSection(ExtensibilityGlobals) = postSolution
		SolutionGuid = {FDFABAD7-7E00-47A1-9EA3-67836CE30161}
	EndGlobalSection
EndGlobal
