
Microsoft Visual Studio Solution File, Format Version 12.00
# Visual Studio Version 16
VisualStudioVersion = 16.0.32002.261
MinimumVisualStudioVersion = 10.0.40219.1
Project("{FAE04EC0-301F-11D3-BF4B-00C04F79EFBC}") = "Aula40ExRetangulo", "Aula40ExRetangulo\Aula40ExRetangulo.csproj", "{4864D146-65C5-4583-B67F-73B2F5C389A3}"
EndProject
Global
	GlobalSection(SolutionConfigurationPlatforms) = preSolution
		Debug|Any CPU = Debug|Any CPU
		Release|Any CPU = Release|Any CPU
	EndGlobalSection
	GlobalSection(ProjectConfigurationPlatforms) = postSolution
		{4864D146-65C5-4583-B67F-73B2F5C389A3}.Debug|Any CPU.ActiveCfg = Debug|Any CPU
		{4864D146-65C5-4583-B67F-73B2F5C389A3}.Debug|Any CPU.Build.0 = Debug|Any CPU
		{4864D146-65C5-4583-B67F-73B2F5C389A3}.Release|Any CPU.ActiveCfg = Release|Any CPU
		{4864D146-65C5-4583-B67F-73B2F5C389A3}.Release|Any CPU.Build.0 = Release|Any CPU
	EndGlobalSection
	GlobalSection(SolutionProperties) = preSolution
		HideSolutionNode = FALSE
	EndGlobalSection
	GlobalSection(ExtensibilityGlobals) = postSolution
		SolutionGuid = {D377065A-0B7D-4DAB-B83D-4750D39B7D23}
	EndGlobalSection
EndGlobal
