
Microsoft Visual Studio Solution File, Format Version 12.00
# Visual Studio Version 16
VisualStudioVersion = 16.0.32002.261
MinimumVisualStudioVersion = 10.0.40219.1
Project("{FAE04EC0-301F-11D3-BF4B-00C04F79EFBC}") = "Aula40Ex2", "Aula40Ex2\Aula40Ex2.csproj", "{904C1928-39C7-49F0-9684-1F7FFB1F9C23}"
EndProject
Global
	GlobalSection(SolutionConfigurationPlatforms) = preSolution
		Debug|Any CPU = Debug|Any CPU
		Release|Any CPU = Release|Any CPU
	EndGlobalSection
	GlobalSection(ProjectConfigurationPlatforms) = postSolution
		{904C1928-39C7-49F0-9684-1F7FFB1F9C23}.Debug|Any CPU.ActiveCfg = Debug|Any CPU
		{904C1928-39C7-49F0-9684-1F7FFB1F9C23}.Debug|Any CPU.Build.0 = Debug|Any CPU
		{904C1928-39C7-49F0-9684-1F7FFB1F9C23}.Release|Any CPU.ActiveCfg = Release|Any CPU
		{904C1928-39C7-49F0-9684-1F7FFB1F9C23}.Release|Any CPU.Build.0 = Release|Any CPU
	EndGlobalSection
	GlobalSection(SolutionProperties) = preSolution
		HideSolutionNode = FALSE
	EndGlobalSection
	GlobalSection(ExtensibilityGlobals) = postSolution
		SolutionGuid = {C2E8D54F-2A33-48E3-A229-40CFDFD54191}
	EndGlobalSection
EndGlobal
