
Microsoft Visual Studio Solution File, Format Version 12.00
# Visual Studio Version 16
VisualStudioVersion = 16.0.32002.261
MinimumVisualStudioVersion = 10.0.40219.1
Project("{FAE04EC0-301F-11D3-BF4B-00C04F79EFBC}") = "ExMatriz", "ExMatriz\ExMatriz.csproj", "{0783CEBD-22BA-4581-9B2A-BBB9745CBE74}"
EndProject
Global
	GlobalSection(SolutionConfigurationPlatforms) = preSolution
		Debug|Any CPU = Debug|Any CPU
		Release|Any CPU = Release|Any CPU
	EndGlobalSection
	GlobalSection(ProjectConfigurationPlatforms) = postSolution
		{0783CEBD-22BA-4581-9B2A-BBB9745CBE74}.Debug|Any CPU.ActiveCfg = Debug|Any CPU
		{0783CEBD-22BA-4581-9B2A-BBB9745CBE74}.Debug|Any CPU.Build.0 = Debug|Any CPU
		{0783CEBD-22BA-4581-9B2A-BBB9745CBE74}.Release|Any CPU.ActiveCfg = Release|Any CPU
		{0783CEBD-22BA-4581-9B2A-BBB9745CBE74}.Release|Any CPU.Build.0 = Release|Any CPU
	EndGlobalSection
	GlobalSection(SolutionProperties) = preSolution
		HideSolutionNode = FALSE
	EndGlobalSection
	GlobalSection(ExtensibilityGlobals) = postSolution
		SolutionGuid = {E20D8DB2-0C33-4744-9190-B5BA39464153}
	EndGlobalSection
EndGlobal
